
Microsoft Visual Studio Solution File, Format Version 12.00
# Visual Studio Version 16
VisualStudioVersion = 16.0.30114.105
MinimumVisualStudioVersion = 10.0.40219.1
Project("{2150E333-8FDC-42A3-9474-1A3956D46DE8}") = "src", "src", "{3A71D8A3-7561-49F0-9102-21523DCC5926}"
EndProject
Project("{2150E333-8FDC-42A3-9474-1A3956D46DE8}") = "test", "test", "{4BF9215A-B887-48E7-AA73-17DAA062CF4A}"
EndProject
Project("{FAE04EC0-301F-11D3-BF4B-00C04F79EFBC}") = "WSProductos1001.API", "WSProductos1001.API\WSProductos1001.API.csproj", "{C39AB9F7-B947-40A0-9593-1508120934CC}"
EndProject
Project("{FAE04EC0-301F-11D3-BF4B-00C04F79EFBC}") = "WSProductos1001.Domain", "WSProductos1001.Domain\WSProductos1001.Domain.csproj", "{B7823835-4D91-409F-AC5C-EE3D0BC271B5}"
EndProject
Project("{FAE04EC0-301F-11D3-BF4B-00C04F79EFBC}") = "WSProductos1001.Entities", "WSProductos1001.Entities\WSProductos1001.Entities.csproj", "{FAD694F9-4D25-4F55-98F4-72AF130863E7}"
EndProject
Project("{FAE04EC0-301F-11D3-BF4B-00C04F79EFBC}") = "WSProductos1001.Infrastucture", "WSProductos1001.Infrastucture\WSProductos1001.Infrastucture.csproj", "{04AEB48A-6999-4B27-BA26-AE2825B95E71}"
EndProject
Project("{FAE04EC0-301F-11D3-BF4B-00C04F79EFBC}") = "WSProductos1001.Repository", "WSProductos1001.Repository\WSProductos1001.Repository.csproj", "{04F6E688-6E58-46BF-BAEE-57C472561C2C}"
EndProject
Project("{FAE04EC0-301F-11D3-BF4B-00C04F79EFBC}") = "WSProductos1001.UnitTest", "WSProductos1001.UnitTest\WSProductos1001.UnitTest.csproj", "{4DC107E3-33F5-4E76-8916-5C5D0A588C59}"
EndProject
Project("{FAE04EC0-301F-11D3-BF4B-00C04F79EFBC}") = "WSProductos1001.IntegrationTest", "WSProductos1001.IntegrationTest\WSProductos1001.IntegrationTest.csproj", "{9FC3DB93-D5AF-4620-AE8F-AD3473FFBF20}"
EndProject
Global
	GlobalSection(SolutionConfigurationPlatforms) = preSolution
		Debug|Any CPU = Debug|Any CPU
		Release|Any CPU = Release|Any CPU
	EndGlobalSection
	GlobalSection(SolutionProperties) = preSolution
		HideSolutionNode = FALSE
	EndGlobalSection
	GlobalSection(NestedProjects) = preSolution
		{C39AB9F7-B947-40A0-9593-1508120934CC} = {3A71D8A3-7561-49F0-9102-21523DCC5926}
		{B7823835-4D91-409F-AC5C-EE3D0BC271B5} = {3A71D8A3-7561-49F0-9102-21523DCC5926}
		{FAD694F9-4D25-4F55-98F4-72AF130863E7} = {3A71D8A3-7561-49F0-9102-21523DCC5926}
		{04AEB48A-6999-4B27-BA26-AE2825B95E71} = {3A71D8A3-7561-49F0-9102-21523DCC5926}
		{04F6E688-6E58-46BF-BAEE-57C472561C2C} = {3A71D8A3-7561-49F0-9102-21523DCC5926}
		{4DC107E3-33F5-4E76-8916-5C5D0A588C59} = {4BF9215A-B887-48E7-AA73-17DAA062CF4A}
		{9FC3DB93-D5AF-4620-AE8F-AD3473FFBF20} = {4BF9215A-B887-48E7-AA73-17DAA062CF4A}
	EndGlobalSection
	GlobalSection(ProjectConfigurationPlatforms) = postSolution
		{C39AB9F7-B947-40A0-9593-1508120934CC}.Debug|Any CPU.ActiveCfg = Debug|Any CPU
		{C39AB9F7-B947-40A0-9593-1508120934CC}.Debug|Any CPU.Build.0 = Debug|Any CPU
		{C39AB9F7-B947-40A0-9593-1508120934CC}.Release|Any CPU.ActiveCfg = Release|Any CPU
		{C39AB9F7-B947-40A0-9593-1508120934CC}.Release|Any CPU.Build.0 = Release|Any CPU
		{B7823835-4D91-409F-AC5C-EE3D0BC271B5}.Debug|Any CPU.ActiveCfg = Debug|Any CPU
		{B7823835-4D91-409F-AC5C-EE3D0BC271B5}.Debug|Any CPU.Build.0 = Debug|Any CPU
		{B7823835-4D91-409F-AC5C-EE3D0BC271B5}.Release|Any CPU.ActiveCfg = Release|Any CPU
		{B7823835-4D91-409F-AC5C-EE3D0BC271B5}.Release|Any CPU.Build.0 = Release|Any CPU
		{FAD694F9-4D25-4F55-98F4-72AF130863E7}.Debug|Any CPU.ActiveCfg = Debug|Any CPU
		{FAD694F9-4D25-4F55-98F4-72AF130863E7}.Debug|Any CPU.Build.0 = Debug|Any CPU
		{FAD694F9-4D25-4F55-98F4-72AF130863E7}.Release|Any CPU.ActiveCfg = Release|Any CPU
		{FAD694F9-4D25-4F55-98F4-72AF130863E7}.Release|Any CPU.Build.0 = Release|Any CPU
		{04AEB48A-6999-4B27-BA26-AE2825B95E71}.Debug|Any CPU.ActiveCfg = Debug|Any CPU
		{04AEB48A-6999-4B27-BA26-AE2825B95E71}.Debug|Any CPU.Build.0 = Debug|Any CPU
		{04AEB48A-6999-4B27-BA26-AE2825B95E71}.Release|Any CPU.ActiveCfg = Release|Any CPU
		{04AEB48A-6999-4B27-BA26-AE2825B95E71}.Release|Any CPU.Build.0 = Release|Any CPU
		{04F6E688-6E58-46BF-BAEE-57C472561C2C}.Debug|Any CPU.ActiveCfg = Debug|Any CPU
		{04F6E688-6E58-46BF-BAEE-57C472561C2C}.Debug|Any CPU.Build.0 = Debug|Any CPU
		{04F6E688-6E58-46BF-BAEE-57C472561C2C}.Release|Any CPU.ActiveCfg = Release|Any CPU
		{04F6E688-6E58-46BF-BAEE-57C472561C2C}.Release|Any CPU.Build.0 = Release|Any CPU
		{4DC107E3-33F5-4E76-8916-5C5D0A588C59}.Debug|Any CPU.ActiveCfg = Debug|Any CPU
		{4DC107E3-33F5-4E76-8916-5C5D0A588C59}.Debug|Any CPU.Build.0 = Debug|Any CPU
		{4DC107E3-33F5-4E76-8916-5C5D0A588C59}.Release|Any CPU.ActiveCfg = Release|Any CPU
		{4DC107E3-33F5-4E76-8916-5C5D0A588C59}.Release|Any CPU.Build.0 = Release|Any CPU
		{9FC3DB93-D5AF-4620-AE8F-AD3473FFBF20}.Debug|Any CPU.ActiveCfg = Debug|Any CPU
		{9FC3DB93-D5AF-4620-AE8F-AD3473FFBF20}.Debug|Any CPU.Build.0 = Debug|Any CPU
		{9FC3DB93-D5AF-4620-AE8F-AD3473FFBF20}.Release|Any CPU.ActiveCfg = Release|Any CPU
		{9FC3DB93-D5AF-4620-AE8F-AD3473FFBF20}.Release|Any CPU.Build.0 = Release|Any CPU
	EndGlobalSection
EndGlobal
